
Microsoft Visual Studio Solution File, Format Version 12.00
# Visual Studio Version 17
VisualStudioVersion = 17.8.34316.72
MinimumVisualStudioVersion = 10.0.40219.1
Project("{FAE04EC0-301F-11D3-BF4B-00C04F79EFBC}") = "LoginPage", "LoginPage.csproj", "{3E05A804-94B0-4B8E-8E2F-641958C3C3C0}"
EndProject
Global
	GlobalSection(SolutionConfigurationPlatforms) = preSolution
		Debug|Any CPU = Debug|Any CPU
		Release|Any CPU = Release|Any CPU
	EndGlobalSection
	GlobalSection(ProjectConfigurationPlatforms) = postSolution
		{3E05A804-94B0-4B8E-8E2F-641958C3C3C0}.Debug|Any CPU.ActiveCfg = Debug|Any CPU
		{3E05A804-94B0-4B8E-8E2F-641958C3C3C0}.Debug|Any CPU.Build.0 = Debug|Any CPU
		{3E05A804-94B0-4B8E-8E2F-641958C3C3C0}.Release|Any CPU.ActiveCfg = Release|Any CPU
		{3E05A804-94B0-4B8E-8E2F-641958C3C3C0}.Release|Any CPU.Build.0 = Release|Any CPU
	EndGlobalSection
	GlobalSection(SolutionProperties) = preSolution
		HideSolutionNode = FALSE
	EndGlobalSection
	GlobalSection(ExtensibilityGlobals) = postSolution
		SolutionGuid = {80F2664D-AF24-48BB-AFBD-D25AF05DDF30}
	EndGlobalSection
EndGlobal
